
Microsoft Visual Studio Solution File, Format Version 12.00
# Visual Studio 15
VisualStudioVersion = 15.0.27130.2010
MinimumVisualStudioVersion = 10.0.40219.1
Project("{FAE04EC0-301F-11D3-BF4B-00C04F79EFBC}") = "InventoryTekstil", "InventoryTekstil\InventoryTekstil.csproj", "{A2173E6C-7541-483C-B922-102FEE5D16CC}"
EndProject
Global
	GlobalSection(SolutionConfigurationPlatforms) = preSolution
		Debug|Any CPU = Debug|Any CPU
		Release|Any CPU = Release|Any CPU
	EndGlobalSection
	GlobalSection(ProjectConfigurationPlatforms) = postSolution
		{A2173E6C-7541-483C-B922-102FEE5D16CC}.Debug|Any CPU.ActiveCfg = Debug|Any CPU
		{A2173E6C-7541-483C-B922-102FEE5D16CC}.Debug|Any CPU.Build.0 = Debug|Any CPU
		{A2173E6C-7541-483C-B922-102FEE5D16CC}.Release|Any CPU.ActiveCfg = Release|Any CPU
		{A2173E6C-7541-483C-B922-102FEE5D16CC}.Release|Any CPU.Build.0 = Release|Any CPU
	EndGlobalSection
	GlobalSection(SolutionProperties) = preSolution
		HideSolutionNode = FALSE
	EndGlobalSection
	GlobalSection(ExtensibilityGlobals) = postSolution
		SolutionGuid = {8E10FF03-4B8B-4A41-A114-B596D5337D04}
	EndGlobalSection
EndGlobal
